
Microsoft Visual Studio Solution File, Format Version 12.00
Project("{FAE04EC0-301F-11D3-BF4B-00C04F79EFBC}") = "Common", "Common\Common.csproj", "{87E523EF-81CD-4286-A237-1C2DF54CD759}"
EndProject
Project("{FAE04EC0-301F-11D3-BF4B-00C04F79EFBC}") = "Server", "Server\Server.csproj", "{5307BE21-F891-4785-8DEF-24A3FEE9F434}"
EndProject
Project("{FAE04EC0-301F-11D3-BF4B-00C04F79EFBC}") = "Client", "Client\Client.csproj", "{BC107B57-5EFB-4D57-8A7B-538272720370}"
EndProject
Global
	GlobalSection(SolutionConfigurationPlatforms) = preSolution
		Debug|Any CPU = Debug|Any CPU
		Release|Any CPU = Release|Any CPU
	EndGlobalSection
	GlobalSection(ProjectConfigurationPlatforms) = postSolution
		{87E523EF-81CD-4286-A237-1C2DF54CD759}.Debug|Any CPU.ActiveCfg = Debug|Any CPU
		{87E523EF-81CD-4286-A237-1C2DF54CD759}.Debug|Any CPU.Build.0 = Debug|Any CPU
		{87E523EF-81CD-4286-A237-1C2DF54CD759}.Release|Any CPU.ActiveCfg = Release|Any CPU
		{87E523EF-81CD-4286-A237-1C2DF54CD759}.Release|Any CPU.Build.0 = Release|Any CPU
		{5307BE21-F891-4785-8DEF-24A3FEE9F434}.Debug|Any CPU.ActiveCfg = Debug|Any CPU
		{5307BE21-F891-4785-8DEF-24A3FEE9F434}.Debug|Any CPU.Build.0 = Debug|Any CPU
		{5307BE21-F891-4785-8DEF-24A3FEE9F434}.Release|Any CPU.ActiveCfg = Release|Any CPU
		{5307BE21-F891-4785-8DEF-24A3FEE9F434}.Release|Any CPU.Build.0 = Release|Any CPU
		{BC107B57-5EFB-4D57-8A7B-538272720370}.Debug|Any CPU.ActiveCfg = Debug|Any CPU
		{BC107B57-5EFB-4D57-8A7B-538272720370}.Debug|Any CPU.Build.0 = Debug|Any CPU
		{BC107B57-5EFB-4D57-8A7B-538272720370}.Release|Any CPU.ActiveCfg = Release|Any CPU
		{BC107B57-5EFB-4D57-8A7B-538272720370}.Release|Any CPU.Build.0 = Release|Any CPU
	EndGlobalSection
EndGlobal
